
Microsoft Visual Studio Solution File, Format Version 12.00
# Visual Studio 15
VisualStudioVersion = 15.0.28307.438
MinimumVisualStudioVersion = 10.0.40219.1
Project("{FAE04EC0-301F-11D3-BF4B-00C04F79EFBC}") = "Cayley", "Cayley\Cayley.csproj", "{03173526-8046-4452-B451-4EAA44A82257}"
EndProject
Global
	GlobalSection(SolutionConfigurationPlatforms) = preSolution
		Debug|Any CPU = Debug|Any CPU
		Release|Any CPU = Release|Any CPU
	EndGlobalSection
	GlobalSection(ProjectConfigurationPlatforms) = postSolution
		{03173526-8046-4452-B451-4EAA44A82257}.Debug|Any CPU.ActiveCfg = Debug|Any CPU
		{03173526-8046-4452-B451-4EAA44A82257}.Debug|Any CPU.Build.0 = Debug|Any CPU
		{03173526-8046-4452-B451-4EAA44A82257}.Release|Any CPU.ActiveCfg = Release|Any CPU
		{03173526-8046-4452-B451-4EAA44A82257}.Release|Any CPU.Build.0 = Release|Any CPU
	EndGlobalSection
	GlobalSection(SolutionProperties) = preSolution
		HideSolutionNode = FALSE
	EndGlobalSection
	GlobalSection(ExtensibilityGlobals) = postSolution
		SolutionGuid = {E6494F72-CB00-49EA-928D-F5E443B98A4C}
	EndGlobalSection
EndGlobal
